// !$*UTF8*$!
{
	archiveVersion = 1;
	classes = {
	};
	objectVersion = 56;
	objects = {

/* Begin PBXBuildFile section */
		18EB6F4B2B18747E00402639 /* AppDelegate.swift in Sources */ = {isa = PBXBuildFile; fileRef = 18EB6F4A2B18747E00402639 /* AppDelegate.swift */; };
		18EB6F4D2B18747E00402639 /* SceneDelegate.swift in Sources */ = {isa = PBXBuildFile; fileRef = 18EB6F4C2B18747E00402639 /* SceneDelegate.swift */; };
		18EB6F4F2B18747E00402639 /* MainTabbarViewController.swift in Sources */ = {isa = PBXBuildFile; fileRef = 18EB6F4E2B18747E00402639 /* MainTabbarViewController.swift */; };
		18EB6F542B18748100402639 /* Assets.xcassets in Resources */ = {isa = PBXBuildFile; fileRef = 18EB6F532B18748100402639 /* Assets.xcassets */; };
		18EB6F572B18748100402639 /* LaunchScreen.storyboard in Resources */ = {isa = PBXBuildFile; fileRef = 18EB6F552B18748100402639 /* LaunchScreen.storyboard */; };
		18EB6F5F2B18891F00402639 /* HomeViewController.swift in Sources */ = {isa = PBXBuildFile; fileRef = 18EB6F5E2B18891F00402639 /* HomeViewController.swift */; };
		18EB6F622B18896100402639 /* SearchViewController.swift in Sources */ = {isa = PBXBuildFile; fileRef = 18EB6F612B18896100402639 /* SearchViewController.swift */; };
		18EB6F642B18897100402639 /* NotificationViewController.swift in Sources */ = {isa = PBXBuildFile; fileRef = 18EB6F632B18897100402639 /* NotificationViewController.swift */; };
		18EB6F662B18898500402639 /* DirectMessageViewController.swift in Sources */ = {isa = PBXBuildFile; fileRef = 18EB6F652B18898500402639 /* DirectMessageViewController.swift */; };
		18EB6F6A2B18A0E600402639 /* TweetTableViewCell.swift in Sources */ = {isa = PBXBuildFile; fileRef = 18EB6F692B18A0E600402639 /* TweetTableViewCell.swift */; };
		18EB6F6D2B1DA07800402639 /* ProfileViewController.swift in Sources */ = {isa = PBXBuildFile; fileRef = 18EB6F6C2B1DA07800402639 /* ProfileViewController.swift */; };
		18EB6F6F2B1DE95500402639 /* ProfileTableHeaderView.swift in Sources */ = {isa = PBXBuildFile; fileRef = 18EB6F6E2B1DE95500402639 /* ProfileTableHeaderView.swift */; };
		18EB6F712B2038D600402639 /* GoogleService-Info.plist in Resources */ = {isa = PBXBuildFile; fileRef = 18EB6F702B2038D600402639 /* GoogleService-Info.plist */; };
		18EB6F742B203A9A00402639 /* FirebaseAuth in Frameworks */ = {isa = PBXBuildFile; productRef = 18EB6F732B203A9A00402639 /* FirebaseAuth */; };
		18EB6F762B203A9A00402639 /* FirebaseAuthCombine-Community in Frameworks */ = {isa = PBXBuildFile; productRef = 18EB6F752B203A9A00402639 /* FirebaseAuthCombine-Community */; };
		18EB6F782B203A9A00402639 /* FirebaseDatabase in Frameworks */ = {isa = PBXBuildFile; productRef = 18EB6F772B203A9A00402639 /* FirebaseDatabase */; };
		18EB6F7A2B203A9A00402639 /* FirebaseDatabaseSwift in Frameworks */ = {isa = PBXBuildFile; productRef = 18EB6F792B203A9A00402639 /* FirebaseDatabaseSwift */; };
		18EB6F7C2B203A9A00402639 /* FirebaseFirestore in Frameworks */ = {isa = PBXBuildFile; productRef = 18EB6F7B2B203A9A00402639 /* FirebaseFirestore */; };
		18EB6F7E2B203A9A00402639 /* FirebaseFirestoreCombine-Community in Frameworks */ = {isa = PBXBuildFile; productRef = 18EB6F7D2B203A9A00402639 /* FirebaseFirestoreCombine-Community */; };
		18EB6F802B203A9A00402639 /* FirebaseFirestoreSwift in Frameworks */ = {isa = PBXBuildFile; productRef = 18EB6F7F2B203A9A00402639 /* FirebaseFirestoreSwift */; };
		18EB6F822B203A9A00402639 /* FirebaseStorage in Frameworks */ = {isa = PBXBuildFile; productRef = 18EB6F812B203A9A00402639 /* FirebaseStorage */; };
		18EB6F842B203A9A00402639 /* FirebaseStorageCombine-Community in Frameworks */ = {isa = PBXBuildFile; productRef = 18EB6F832B203A9A00402639 /* FirebaseStorageCombine-Community */; };
		39453B4CA47C71CD2F40B72A /* Pods_TwitterClone.framework in Frameworks */ = {isa = PBXBuildFile; fileRef = 13898F447872EC6D5851D13D /* Pods_TwitterClone.framework */; };
		844E6E0B2B20F8A600D95540 /* RegisterViewController.swift in Sources */ = {isa = PBXBuildFile; fileRef = 844E6E0A2B20F8A600D95540 /* RegisterViewController.swift */; };
		844E6E0E2B21B62D00D95540 /* AuthenticationViewViewModel.swift in Sources */ = {isa = PBXBuildFile; fileRef = 844E6E0D2B21B62D00D95540 /* AuthenticationViewViewModel.swift */; };
		844E6E112B21BEAC00D95540 /* AuthManager.swift in Sources */ = {isa = PBXBuildFile; fileRef = 844E6E102B21BEAC00D95540 /* AuthManager.swift */; };
		84903C3A2B20E92100263023 /* OnboardingViewController.swift in Sources */ = {isa = PBXBuildFile; fileRef = 84903C392B20E92100263023 /* OnboardingViewController.swift */; };
		84A1E6052B223170004BD027 /* HomeViewViewModel.swift in Sources */ = {isa = PBXBuildFile; fileRef = 84A1E6042B223170004BD027 /* HomeViewViewModel.swift */; };
		84A1E6072B22350B004BD027 /* ProfileDataFormViewController.swift in Sources */ = {isa = PBXBuildFile; fileRef = 84A1E6062B22350B004BD027 /* ProfileDataFormViewController.swift */; };
		84A1E6092B22483C004BD027 /* ProfileDataFormViewViewModel.swift in Sources */ = {isa = PBXBuildFile; fileRef = 84A1E6082B22483C004BD027 /* ProfileDataFormViewViewModel.swift */; };
		84A1E60B2B24A32D004BD027 /* StorageManager.swift in Sources */ = {isa = PBXBuildFile; fileRef = 84A1E60A2B24A32D004BD027 /* StorageManager.swift */; };
		84A1E60D2B24DF4F004BD027 /* ProfileViewViewModel.swift in Sources */ = {isa = PBXBuildFile; fileRef = 84A1E60C2B24DF4F004BD027 /* ProfileViewViewModel.swift */; };
		84A1E6102B24E8A5004BD027 /* Helper.swift in Sources */ = {isa = PBXBuildFile; fileRef = 84A1E60F2B24E8A5004BD027 /* Helper.swift */; };
		84F19BB62B21E02E00CE6686 /* LoginViewController.swift in Sources */ = {isa = PBXBuildFile; fileRef = 84F19BB52B21E02E00CE6686 /* LoginViewController.swift */; };
		84F19BB92B21F64900CE6686 /* TwitterUser.swift in Sources */ = {isa = PBXBuildFile; fileRef = 84F19BB82B21F64900CE6686 /* TwitterUser.swift */; };
		84F19BBB2B21F78000CE6686 /* DatabaseManager.swift in Sources */ = {isa = PBXBuildFile; fileRef = 84F19BBA2B21F78000CE6686 /* DatabaseManager.swift */; };
/* End PBXBuildFile section */

/* Begin PBXFileReference section */
		13898F447872EC6D5851D13D /* Pods_TwitterClone.framework */ = {isa = PBXFileReference; explicitFileType = wrapper.framework; includeInIndex = 0; path = Pods_TwitterClone.framework; sourceTree = BUILT_PRODUCTS_DIR; };
		18EB6F472B18747E00402639 /* TwitterClone.app */ = {isa = PBXFileReference; explicitFileType = wrapper.application; includeInIndex = 0; path = TwitterClone.app; sourceTree = BUILT_PRODUCTS_DIR; };
		18EB6F4A2B18747E00402639 /* AppDelegate.swift */ = {isa = PBXFileReference; lastKnownFileType = sourcecode.swift; path = AppDelegate.swift; sourceTree = "<group>"; };
		18EB6F4C2B18747E00402639 /* SceneDelegate.swift */ = {isa = PBXFileReference; lastKnownFileType = sourcecode.swift; path = SceneDelegate.swift; sourceTree = "<group>"; };
		18EB6F4E2B18747E00402639 /* MainTabbarViewController.swift */ = {isa = PBXFileReference; lastKnownFileType = sourcecode.swift; path = MainTabbarViewController.swift; sourceTree = "<group>"; };
		18EB6F532B18748100402639 /* Assets.xcassets */ = {isa = PBXFileReference; lastKnownFileType = folder.assetcatalog; path = Assets.xcassets; sourceTree = "<group>"; };
		18EB6F562B18748100402639 /* Base */ = {isa = PBXFileReference; lastKnownFileType = file.storyboard; name = Base; path = Base.lproj/LaunchScreen.storyboard; sourceTree = "<group>"; };
		18EB6F582B18748100402639 /* Info.plist */ = {isa = PBXFileReference; lastKnownFileType = text.plist.xml; path = Info.plist; sourceTree = "<group>"; };
		18EB6F5E2B18891F00402639 /* HomeViewController.swift */ = {isa = PBXFileReference; lastKnownFileType = sourcecode.swift; path = HomeViewController.swift; sourceTree = "<group>"; };
		18EB6F612B18896100402639 /* SearchViewController.swift */ = {isa = PBXFileReference; lastKnownFileType = sourcecode.swift; path = SearchViewController.swift; sourceTree = "<group>"; };
		18EB6F632B18897100402639 /* NotificationViewController.swift */ = {isa = PBXFileReference; lastKnownFileType = sourcecode.swift; path = NotificationViewController.swift; sourceTree = "<group>"; };
		18EB6F652B18898500402639 /* DirectMessageViewController.swift */ = {isa = PBXFileReference; lastKnownFileType = sourcecode.swift; path = DirectMessageViewController.swift; sourceTree = "<group>"; };
		18EB6F692B18A0E600402639 /* TweetTableViewCell.swift */ = {isa = PBXFileReference; lastKnownFileType = sourcecode.swift; path = TweetTableViewCell.swift; sourceTree = "<group>"; };
		18EB6F6C2B1DA07800402639 /* ProfileViewController.swift */ = {isa = PBXFileReference; lastKnownFileType = sourcecode.swift; path = ProfileViewController.swift; sourceTree = "<group>"; };
		18EB6F6E2B1DE95500402639 /* ProfileTableHeaderView.swift */ = {isa = PBXFileReference; lastKnownFileType = sourcecode.swift; path = ProfileTableHeaderView.swift; sourceTree = "<group>"; };
		18EB6F702B2038D600402639 /* GoogleService-Info.plist */ = {isa = PBXFileReference; fileEncoding = 4; lastKnownFileType = text.plist.xml; path = "GoogleService-Info.plist"; sourceTree = "<group>"; };
		6B990FB42CEB1B52966CF62D /* Pods-TwitterClone.release.xcconfig */ = {isa = PBXFileReference; includeInIndex = 1; lastKnownFileType = text.xcconfig; name = "Pods-TwitterClone.release.xcconfig"; path = "Target Support Files/Pods-TwitterClone/Pods-TwitterClone.release.xcconfig"; sourceTree = "<group>"; };
		844E6E0A2B20F8A600D95540 /* RegisterViewController.swift */ = {isa = PBXFileReference; lastKnownFileType = sourcecode.swift; path = RegisterViewController.swift; sourceTree = "<group>"; };
		844E6E0D2B21B62D00D95540 /* AuthenticationViewViewModel.swift */ = {isa = PBXFileReference; lastKnownFileType = sourcecode.swift; path = AuthenticationViewViewModel.swift; sourceTree = "<group>"; };
		844E6E102B21BEAC00D95540 /* AuthManager.swift */ = {isa = PBXFileReference; lastKnownFileType = sourcecode.swift; path = AuthManager.swift; sourceTree = "<group>"; };
		84903C392B20E92100263023 /* OnboardingViewController.swift */ = {isa = PBXFileReference; lastKnownFileType = sourcecode.swift; path = OnboardingViewController.swift; sourceTree = "<group>"; };
		84A1E6042B223170004BD027 /* HomeViewViewModel.swift */ = {isa = PBXFileReference; lastKnownFileType = sourcecode.swift; path = HomeViewViewModel.swift; sourceTree = "<group>"; };
		84A1E6062B22350B004BD027 /* ProfileDataFormViewController.swift */ = {isa = PBXFileReference; lastKnownFileType = sourcecode.swift; path = ProfileDataFormViewController.swift; sourceTree = "<group>"; };
		84A1E6082B22483C004BD027 /* ProfileDataFormViewViewModel.swift */ = {isa = PBXFileReference; lastKnownFileType = sourcecode.swift; path = ProfileDataFormViewViewModel.swift; sourceTree = "<group>"; };
		84A1E60A2B24A32D004BD027 /* StorageManager.swift */ = {isa = PBXFileReference; lastKnownFileType = sourcecode.swift; path = StorageManager.swift; sourceTree = "<group>"; };
		84A1E60C2B24DF4F004BD027 /* ProfileViewViewModel.swift */ = {isa = PBXFileReference; lastKnownFileType = sourcecode.swift; path = ProfileViewViewModel.swift; sourceTree = "<group>"; };
		84A1E60F2B24E8A5004BD027 /* Helper.swift */ = {isa = PBXFileReference; lastKnownFileType = sourcecode.swift; path = Helper.swift; sourceTree = "<group>"; };
		84F19BB52B21E02E00CE6686 /* LoginViewController.swift */ = {isa = PBXFileReference; lastKnownFileType = sourcecode.swift; path = LoginViewController.swift; sourceTree = "<group>"; };
		84F19BB82B21F64900CE6686 /* TwitterUser.swift */ = {isa = PBXFileReference; lastKnownFileType = sourcecode.swift; path = TwitterUser.swift; sourceTree = "<group>"; };
		84F19BBA2B21F78000CE6686 /* DatabaseManager.swift */ = {isa = PBXFileReference; lastKnownFileType = sourcecode.swift; path = DatabaseManager.swift; sourceTree = "<group>"; };
		B38947171E7E228E95C9961C /* Pods-TwitterClone.debug.xcconfig */ = {isa = PBXFileReference; includeInIndex = 1; lastKnownFileType = text.xcconfig; name = "Pods-TwitterClone.debug.xcconfig"; path = "Target Support Files/Pods-TwitterClone/Pods-TwitterClone.debug.xcconfig"; sourceTree = "<group>"; };
/* End PBXFileReference section */

/* Begin PBXFrameworksBuildPhase section */
		18EB6F442B18747E00402639 /* Frameworks */ = {
			isa = PBXFrameworksBuildPhase;
			buildActionMask = 2147483647;
			files = (
				18EB6F7A2B203A9A00402639 /* FirebaseDatabaseSwift in Frameworks */,
				18EB6F782B203A9A00402639 /* FirebaseDatabase in Frameworks */,
				18EB6F742B203A9A00402639 /* FirebaseAuth in Frameworks */,
				18EB6F802B203A9A00402639 /* FirebaseFirestoreSwift in Frameworks */,
				18EB6F7E2B203A9A00402639 /* FirebaseFirestoreCombine-Community in Frameworks */,
				18EB6F822B203A9A00402639 /* FirebaseStorage in Frameworks */,
				18EB6F7C2B203A9A00402639 /* FirebaseFirestore in Frameworks */,
				18EB6F842B203A9A00402639 /* FirebaseStorageCombine-Community in Frameworks */,
				18EB6F762B203A9A00402639 /* FirebaseAuthCombine-Community in Frameworks */,
				39453B4CA47C71CD2F40B72A /* Pods_TwitterClone.framework in Frameworks */,
			);
			runOnlyForDeploymentPostprocessing = 0;
		};
/* End PBXFrameworksBuildPhase section */

/* Begin PBXGroup section */
		12904F8E42021F7ECEE71BF5 /* Pods */ = {
			isa = PBXGroup;
			children = (
				B38947171E7E228E95C9961C /* Pods-TwitterClone.debug.xcconfig */,
				6B990FB42CEB1B52966CF62D /* Pods-TwitterClone.release.xcconfig */,
			);
			name = Pods;
			path = Pods;
			sourceTree = "<group>";
		};
		18EB6F3E2B18747E00402639 = {
			isa = PBXGroup;
			children = (
				18EB6F492B18747E00402639 /* TwitterClone */,
				18EB6F482B18747E00402639 /* Products */,
				12904F8E42021F7ECEE71BF5 /* Pods */,
				46179160BD7AEC5C83E7084F /* Frameworks */,
			);
			sourceTree = "<group>";
		};
		18EB6F482B18747E00402639 /* Products */ = {
			isa = PBXGroup;
			children = (
				18EB6F472B18747E00402639 /* TwitterClone.app */,
			);
			name = Products;
			sourceTree = "<group>";
		};
		18EB6F492B18747E00402639 /* TwitterClone */ = {
			isa = PBXGroup;
			children = (
				84A1E60E2B24E866004BD027 /* Miscelleneous */,
				84F19BB72B21F63700CE6686 /* Models */,
				844E6E0F2B21BE9100D95540 /* Networking */,
				844E6E0C2B21B60700D95540 /* ViewModels */,
				18EB6F682B18A0B500402639 /* Views */,
				18EB6F602B18892700402639 /* Controllers */,
				18EB6F4A2B18747E00402639 /* AppDelegate.swift */,
				18EB6F4C2B18747E00402639 /* SceneDelegate.swift */,
				18EB6F532B18748100402639 /* Assets.xcassets */,
				18EB6F552B18748100402639 /* LaunchScreen.storyboard */,
				18EB6F582B18748100402639 /* Info.plist */,
				18EB6F702B2038D600402639 /* GoogleService-Info.plist */,
			);
			path = TwitterClone;
			sourceTree = "<group>";
		};
		18EB6F602B18892700402639 /* Controllers */ = {
			isa = PBXGroup;
			children = (
				84903C382B20E8E400263023 /* Onboarding */,
				18EB6F6B2B1DA05700402639 /* General */,
				18EB6F672B18A0A000402639 /* Core */,
			);
			path = Controllers;
			sourceTree = "<group>";
		};
		18EB6F672B18A0A000402639 /* Core */ = {
			isa = PBXGroup;
			children = (
				18EB6F652B18898500402639 /* DirectMessageViewController.swift */,
				18EB6F632B18897100402639 /* NotificationViewController.swift */,
				18EB6F612B18896100402639 /* SearchViewController.swift */,
				18EB6F5E2B18891F00402639 /* HomeViewController.swift */,
				18EB6F4E2B18747E00402639 /* MainTabbarViewController.swift */,
			);
			path = Core;
			sourceTree = "<group>";
		};
		18EB6F682B18A0B500402639 /* Views */ = {
			isa = PBXGroup;
			children = (
				18EB6F692B18A0E600402639 /* TweetTableViewCell.swift */,
				18EB6F6E2B1DE95500402639 /* ProfileTableHeaderView.swift */,
			);
			path = Views;
			sourceTree = "<group>";
		};
		18EB6F6B2B1DA05700402639 /* General */ = {
			isa = PBXGroup;
			children = (
				18EB6F6C2B1DA07800402639 /* ProfileViewController.swift */,
				84A1E6062B22350B004BD027 /* ProfileDataFormViewController.swift */,
			);
			path = General;
			sourceTree = "<group>";
		};
		46179160BD7AEC5C83E7084F /* Frameworks */ = {
			isa = PBXGroup;
			children = (
				13898F447872EC6D5851D13D /* Pods_TwitterClone.framework */,
			);
			name = Frameworks;
			sourceTree = "<group>";
		};
		844E6E0C2B21B60700D95540 /* ViewModels */ = {
			isa = PBXGroup;
			children = (
				844E6E0D2B21B62D00D95540 /* AuthenticationViewViewModel.swift */,
				84A1E6042B223170004BD027 /* HomeViewViewModel.swift */,
				84A1E6082B22483C004BD027 /* ProfileDataFormViewViewModel.swift */,
				84A1E60C2B24DF4F004BD027 /* ProfileViewViewModel.swift */,
			);
			path = ViewModels;
			sourceTree = "<group>";
		};
		844E6E0F2B21BE9100D95540 /* Networking */ = {
			isa = PBXGroup;
			children = (
				844E6E102B21BEAC00D95540 /* AuthManager.swift */,
				84F19BBA2B21F78000CE6686 /* DatabaseManager.swift */,
				84A1E60A2B24A32D004BD027 /* StorageManager.swift */,
			);
			path = Networking;
			sourceTree = "<group>";
		};
		84903C382B20E8E400263023 /* Onboarding */ = {
			isa = PBXGroup;
			children = (
				84903C392B20E92100263023 /* OnboardingViewController.swift */,
				844E6E0A2B20F8A600D95540 /* RegisterViewController.swift */,
				84F19BB52B21E02E00CE6686 /* LoginViewController.swift */,
			);
			path = Onboarding;
			sourceTree = "<group>";
		};
		84A1E60E2B24E866004BD027 /* Miscelleneous */ = {
			isa = PBXGroup;
			children = (
				84A1E60F2B24E8A5004BD027 /* Helper.swift */,
			);
			path = Miscelleneous;
			sourceTree = "<group>";
		};
		84F19BB72B21F63700CE6686 /* Models */ = {
			isa = PBXGroup;
			children = (
				84F19BB82B21F64900CE6686 /* TwitterUser.swift */,
			);
			path = Models;
			sourceTree = "<group>";
		};
/* End PBXGroup section */

/* Begin PBXNativeTarget section */
		18EB6F462B18747E00402639 /* TwitterClone */ = {
			isa = PBXNativeTarget;
			buildConfigurationList = 18EB6F5B2B18748100402639 /* Build configuration list for PBXNativeTarget "TwitterClone" */;
			buildPhases = (
				44B9F39ADA47E4DB06F9DE86 /* [CP] Check Pods Manifest.lock */,
				18EB6F432B18747E00402639 /* Sources */,
				18EB6F442B18747E00402639 /* Frameworks */,
				18EB6F452B18747E00402639 /* Resources */,
				2E06AF24F30AF7A8E206BDD0 /* [CP] Embed Pods Frameworks */,
			);
			buildRules = (
			);
			dependencies = (
			);
			name = TwitterClone;
			packageProductDependencies = (
				18EB6F732B203A9A00402639 /* FirebaseAuth */,
				18EB6F752B203A9A00402639 /* FirebaseAuthCombine-Community */,
				18EB6F772B203A9A00402639 /* FirebaseDatabase */,
				18EB6F792B203A9A00402639 /* FirebaseDatabaseSwift */,
				18EB6F7B2B203A9A00402639 /* FirebaseFirestore */,
				18EB6F7D2B203A9A00402639 /* FirebaseFirestoreCombine-Community */,
				18EB6F7F2B203A9A00402639 /* FirebaseFirestoreSwift */,
				18EB6F812B203A9A00402639 /* FirebaseStorage */,
				18EB6F832B203A9A00402639 /* FirebaseStorageCombine-Community */,
			);
			productName = TwitterClone;
			productReference = 18EB6F472B18747E00402639 /* TwitterClone.app */;
			productType = "com.apple.product-type.application";
		};
/* End PBXNativeTarget section */

/* Begin PBXProject section */
		18EB6F3F2B18747E00402639 /* Project object */ = {
			isa = PBXProject;
			attributes = {
				BuildIndependentTargetsInParallel = 1;
				LastSwiftUpdateCheck = 1420;
				LastUpgradeCheck = 1420;
				TargetAttributes = {
					18EB6F462B18747E00402639 = {
						CreatedOnToolsVersion = 14.2;
					};
				};
			};
			buildConfigurationList = 18EB6F422B18747E00402639 /* Build configuration list for PBXProject "TwitterClone" */;
			compatibilityVersion = "Xcode 14.0";
			developmentRegion = en;
			hasScannedForEncodings = 0;
			knownRegions = (
				en,
				Base,
			);
			mainGroup = 18EB6F3E2B18747E00402639;
			packageReferences = (
				18EB6F722B203A9A00402639 /* XCRemoteSwiftPackageReference "firebase-ios-sdk" */,
			);
			productRefGroup = 18EB6F482B18747E00402639 /* Products */;
			projectDirPath = "";
			projectRoot = "";
			targets = (
				18EB6F462B18747E00402639 /* TwitterClone */,
			);
		};
/* End PBXProject section */

/* Begin PBXResourcesBuildPhase section */
		18EB6F452B18747E00402639 /* Resources */ = {
			isa = PBXResourcesBuildPhase;
			buildActionMask = 2147483647;
			files = (
				18EB6F572B18748100402639 /* LaunchScreen.storyboard in Resources */,
				18EB6F542B18748100402639 /* Assets.xcassets in Resources */,
				18EB6F712B2038D600402639 /* GoogleService-Info.plist in Resources */,
			);
			runOnlyForDeploymentPostprocessing = 0;
		};
/* End PBXResourcesBuildPhase section */

/* Begin PBXShellScriptBuildPhase section */
		2E06AF24F30AF7A8E206BDD0 /* [CP] Embed Pods Frameworks */ = {
			isa = PBXShellScriptBuildPhase;
			buildActionMask = 2147483647;
			files = (
			);
			inputFileListPaths = (
				"${PODS_ROOT}/Target Support Files/Pods-TwitterClone/Pods-TwitterClone-frameworks-${CONFIGURATION}-input-files.xcfilelist",
			);
			name = "[CP] Embed Pods Frameworks";
			outputFileListPaths = (
				"${PODS_ROOT}/Target Support Files/Pods-TwitterClone/Pods-TwitterClone-frameworks-${CONFIGURATION}-output-files.xcfilelist",
			);
			runOnlyForDeploymentPostprocessing = 0;
			shellPath = /bin/sh;
			shellScript = "\"${PODS_ROOT}/Target Support Files/Pods-TwitterClone/Pods-TwitterClone-frameworks.sh\"\n";
			showEnvVarsInLog = 0;
		};
		44B9F39ADA47E4DB06F9DE86 /* [CP] Check Pods Manifest.lock */ = {
			isa = PBXShellScriptBuildPhase;
			buildActionMask = 2147483647;
			files = (
			);
			inputFileListPaths = (
			);
			inputPaths = (
				"${PODS_PODFILE_DIR_PATH}/Podfile.lock",
				"${PODS_ROOT}/Manifest.lock",
			);
			name = "[CP] Check Pods Manifest.lock";
			outputFileListPaths = (
			);
			outputPaths = (
				"$(DERIVED_FILE_DIR)/Pods-TwitterClone-checkManifestLockResult.txt",
			);
			runOnlyForDeploymentPostprocessing = 0;
			shellPath = /bin/sh;
			shellScript = "diff \"${PODS_PODFILE_DIR_PATH}/Podfile.lock\" \"${PODS_ROOT}/Manifest.lock\" > /dev/null\nif [ $? != 0 ] ; then\n    # print error to STDERR\n    echo \"error: The sandbox is not in sync with the Podfile.lock. Run 'pod install' or update your CocoaPods installation.\" >&2\n    exit 1\nfi\n# This output is used by Xcode 'outputs' to avoid re-running this script phase.\necho \"SUCCESS\" > \"${SCRIPT_OUTPUT_FILE_0}\"\n";
			showEnvVarsInLog = 0;
		};
/* End PBXShellScriptBuildPhase section */

/* Begin PBXSourcesBuildPhase section */
		18EB6F432B18747E00402639 /* Sources */ = {
			isa = PBXSourcesBuildPhase;
			buildActionMask = 2147483647;
			files = (
				18EB6F622B18896100402639 /* SearchViewController.swift in Sources */,
				844E6E112B21BEAC00D95540 /* AuthManager.swift in Sources */,
				18EB6F4F2B18747E00402639 /* MainTabbarViewController.swift in Sources */,
				84A1E60B2B24A32D004BD027 /* StorageManager.swift in Sources */,
				84F19BB62B21E02E00CE6686 /* LoginViewController.swift in Sources */,
				84F19BBB2B21F78000CE6686 /* DatabaseManager.swift in Sources */,
				18EB6F642B18897100402639 /* NotificationViewController.swift in Sources */,
				84A1E60D2B24DF4F004BD027 /* ProfileViewViewModel.swift in Sources */,
				844E6E0B2B20F8A600D95540 /* RegisterViewController.swift in Sources */,
				18EB6F4B2B18747E00402639 /* AppDelegate.swift in Sources */,
				18EB6F6F2B1DE95500402639 /* ProfileTableHeaderView.swift in Sources */,
				18EB6F662B18898500402639 /* DirectMessageViewController.swift in Sources */,
				844E6E0E2B21B62D00D95540 /* AuthenticationViewViewModel.swift in Sources */,
				84A1E6092B22483C004BD027 /* ProfileDataFormViewViewModel.swift in Sources */,
				18EB6F4D2B18747E00402639 /* SceneDelegate.swift in Sources */,
				18EB6F6D2B1DA07800402639 /* ProfileViewController.swift in Sources */,
				18EB6F5F2B18891F00402639 /* HomeViewController.swift in Sources */,
				84A1E6072B22350B004BD027 /* ProfileDataFormViewController.swift in Sources */,
				84903C3A2B20E92100263023 /* OnboardingViewController.swift in Sources */,
				84F19BB92B21F64900CE6686 /* TwitterUser.swift in Sources */,
				84A1E6102B24E8A5004BD027 /* Helper.swift in Sources */,
				84A1E6052B223170004BD027 /* HomeViewViewModel.swift in Sources */,
				18EB6F6A2B18A0E600402639 /* TweetTableViewCell.swift in Sources */,
			);
			runOnlyForDeploymentPostprocessing = 0;
		};
/* End PBXSourcesBuildPhase section */

/* Begin PBXVariantGroup section */
		18EB6F552B18748100402639 /* LaunchScreen.storyboard */ = {
			isa = PBXVariantGroup;
			children = (
				18EB6F562B18748100402639 /* Base */,
			);
			name = LaunchScreen.storyboard;
			sourceTree = "<group>";
		};
/* End PBXVariantGroup section */

/* Begin XCBuildConfiguration section */
		18EB6F592B18748100402639 /* Debug */ = {
			isa = XCBuildConfiguration;
			buildSettings = {
				ALWAYS_SEARCH_USER_PATHS = NO;
				CLANG_ANALYZER_NONNULL = YES;
				CLANG_ANALYZER_NUMBER_OBJECT_CONVERSION = YES_AGGRESSIVE;
				CLANG_CXX_LANGUAGE_STANDARD = "gnu++20";
				CLANG_ENABLE_MODULES = YES;
				CLANG_ENABLE_OBJC_ARC = YES;
				CLANG_ENABLE_OBJC_WEAK = YES;
				CLANG_WARN_BLOCK_CAPTURE_AUTORELEASING = YES;
				CLANG_WARN_BOOL_CONVERSION = YES;
				CLANG_WARN_COMMA = YES;
				CLANG_WARN_CONSTANT_CONVERSION = YES;
				CLANG_WARN_DEPRECATED_OBJC_IMPLEMENTATIONS = YES;
				CLANG_WARN_DIRECT_OBJC_ISA_USAGE = YES_ERROR;
				CLANG_WARN_DOCUMENTATION_COMMENTS = YES;
				CLANG_WARN_EMPTY_BODY = YES;
				CLANG_WARN_ENUM_CONVERSION = YES;
				CLANG_WARN_INFINITE_RECURSION = YES;
				CLANG_WARN_INT_CONVERSION = YES;
				CLANG_WARN_NON_LITERAL_NULL_CONVERSION = YES;
				CLANG_WARN_OBJC_IMPLICIT_RETAIN_SELF = YES;
				CLANG_WARN_OBJC_LITERAL_CONVERSION = YES;
				CLANG_WARN_OBJC_ROOT_CLASS = YES_ERROR;
				CLANG_WARN_QUOTED_INCLUDE_IN_FRAMEWORK_HEADER = YES;
				CLANG_WARN_RANGE_LOOP_ANALYSIS = YES;
				CLANG_WARN_STRICT_PROTOTYPES = YES;
				CLANG_WARN_SUSPICIOUS_MOVE = YES;
				CLANG_WARN_UNGUARDED_AVAILABILITY = YES_AGGRESSIVE;
				CLANG_WARN_UNREACHABLE_CODE = YES;
				CLANG_WARN__DUPLICATE_METHOD_MATCH = YES;
				COPY_PHASE_STRIP = NO;
				DEBUG_INFORMATION_FORMAT = dwarf;
				ENABLE_STRICT_OBJC_MSGSEND = YES;
				ENABLE_TESTABILITY = YES;
				GCC_C_LANGUAGE_STANDARD = gnu11;
				GCC_DYNAMIC_NO_PIC = NO;
				GCC_NO_COMMON_BLOCKS = YES;
				GCC_OPTIMIZATION_LEVEL = 0;
				GCC_PREPROCESSOR_DEFINITIONS = (
					"DEBUG=1",
					"$(inherited)",
				);
				GCC_WARN_64_TO_32_BIT_CONVERSION = YES;
				GCC_WARN_ABOUT_RETURN_TYPE = YES_ERROR;
				GCC_WARN_UNDECLARED_SELECTOR = YES;
				GCC_WARN_UNINITIALIZED_AUTOS = YES_AGGRESSIVE;
				GCC_WARN_UNUSED_FUNCTION = YES;
				GCC_WARN_UNUSED_VARIABLE = YES;
				IPHONEOS_DEPLOYMENT_TARGET = 16.2;
				MTL_ENABLE_DEBUG_INFO = INCLUDE_SOURCE;
				MTL_FAST_MATH = YES;
				ONLY_ACTIVE_ARCH = YES;
				SDKROOT = iphoneos;
				SWIFT_ACTIVE_COMPILATION_CONDITIONS = DEBUG;
				SWIFT_OPTIMIZATION_LEVEL = "-Onone";
			};
			name = Debug;
		};
		18EB6F5A2B18748100402639 /* Release */ = {
			isa = XCBuildConfiguration;
			buildSettings = {
				ALWAYS_SEARCH_USER_PATHS = NO;
				CLANG_ANALYZER_NONNULL = YES;
				CLANG_ANALYZER_NUMBER_OBJECT_CONVERSION = YES_AGGRESSIVE;
				CLANG_CXX_LANGUAGE_STANDARD = "gnu++20";
				CLANG_ENABLE_MODULES = YES;
				CLANG_ENABLE_OBJC_ARC = YES;
				CLANG_ENABLE_OBJC_WEAK = YES;
				CLANG_WARN_BLOCK_CAPTURE_AUTORELEASING = YES;
				CLANG_WARN_BOOL_CONVERSION = YES;
				CLANG_WARN_COMMA = YES;
				CLANG_WARN_CONSTANT_CONVERSION = YES;
				CLANG_WARN_DEPRECATED_OBJC_IMPLEMENTATIONS = YES;
				CLANG_WARN_DIRECT_OBJC_ISA_USAGE = YES_ERROR;
				CLANG_WARN_DOCUMENTATION_COMMENTS = YES;
				CLANG_WARN_EMPTY_BODY = YES;
				CLANG_WARN_ENUM_CONVERSION = YES;
				CLANG_WARN_INFINITE_RECURSION = YES;
				CLANG_WARN_INT_CONVERSION = YES;
				CLANG_WARN_NON_LITERAL_NULL_CONVERSION = YES;
				CLANG_WARN_OBJC_IMPLICIT_RETAIN_SELF = YES;
				CLANG_WARN_OBJC_LITERAL_CONVERSION = YES;
				CLANG_WARN_OBJC_ROOT_CLASS = YES_ERROR;
				CLANG_WARN_QUOTED_INCLUDE_IN_FRAMEWORK_HEADER = YES;
				CLANG_WARN_RANGE_LOOP_ANALYSIS = YES;
				CLANG_WARN_STRICT_PROTOTYPES = YES;
				CLANG_WARN_SUSPICIOUS_MOVE = YES;
				CLANG_WARN_UNGUARDED_AVAILABILITY = YES_AGGRESSIVE;
				CLANG_WARN_UNREACHABLE_CODE = YES;
				CLANG_WARN__DUPLICATE_METHOD_MATCH = YES;
				COPY_PHASE_STRIP = NO;
				DEBUG_INFORMATION_FORMAT = "dwarf-with-dsym";
				ENABLE_NS_ASSERTIONS = NO;
				ENABLE_STRICT_OBJC_MSGSEND = YES;
				GCC_C_LANGUAGE_STANDARD = gnu11;
				GCC_NO_COMMON_BLOCKS = YES;
				GCC_WARN_64_TO_32_BIT_CONVERSION = YES;
				GCC_WARN_ABOUT_RETURN_TYPE = YES_ERROR;
				GCC_WARN_UNDECLARED_SELECTOR = YES;
				GCC_WARN_UNINITIALIZED_AUTOS = YES_AGGRESSIVE;
				GCC_WARN_UNUSED_FUNCTION = YES;
				GCC_WARN_UNUSED_VARIABLE = YES;
				IPHONEOS_DEPLOYMENT_TARGET = 16.2;
				MTL_ENABLE_DEBUG_INFO = NO;
				MTL_FAST_MATH = YES;
				SDKROOT = iphoneos;
				SWIFT_COMPILATION_MODE = wholemodule;
				SWIFT_OPTIMIZATION_LEVEL = "-O";
				VALIDATE_PRODUCT = YES;
			};
			name = Release;
		};
		18EB6F5C2B18748100402639 /* Debug */ = {
			isa = XCBuildConfiguration;
			baseConfigurationReference = B38947171E7E228E95C9961C /* Pods-TwitterClone.debug.xcconfig */;
			buildSettings = {
				ASSETCATALOG_COMPILER_APPICON_NAME = AppIcon;
				ASSETCATALOG_COMPILER_GLOBAL_ACCENT_COLOR_NAME = AccentColor;
				CODE_SIGN_STYLE = Automatic;
				CURRENT_PROJECT_VERSION = 1;
				DEVELOPMENT_TEAM = KZZ8J8W7TJ;
				GENERATE_INFOPLIST_FILE = YES;
				INFOPLIST_FILE = TwitterClone/Info.plist;
				INFOPLIST_KEY_UIApplicationSupportsIndirectInputEvents = YES;
				INFOPLIST_KEY_UILaunchStoryboardName = LaunchScreen;
				INFOPLIST_KEY_UISupportedInterfaceOrientations_iPad = "UIInterfaceOrientationPortrait UIInterfaceOrientationPortraitUpsideDown UIInterfaceOrientationLandscapeLeft UIInterfaceOrientationLandscapeRight";
				INFOPLIST_KEY_UISupportedInterfaceOrientations_iPhone = "UIInterfaceOrientationPortrait UIInterfaceOrientationLandscapeLeft UIInterfaceOrientationLandscapeRight";
				LD_RUNPATH_SEARCH_PATHS = (
					"$(inherited)",
					"@executable_path/Frameworks",
				);
				MARKETING_VERSION = 1.0;
				PRODUCT_BUNDLE_IDENTIFIER = com.tammana.TwitterClone;
				PRODUCT_NAME = "$(TARGET_NAME)";
				SWIFT_EMIT_LOC_STRINGS = YES;
				SWIFT_VERSION = 5.0;
				TARGETED_DEVICE_FAMILY = "1,2";
			};
			name = Debug;
		};
		18EB6F5D2B18748100402639 /* Release */ = {
			isa = XCBuildConfiguration;
			baseConfigurationReference = 6B990FB42CEB1B52966CF62D /* Pods-TwitterClone.release.xcconfig */;
			buildSettings = {
				ASSETCATALOG_COMPILER_APPICON_NAME = AppIcon;
				ASSETCATALOG_COMPILER_GLOBAL_ACCENT_COLOR_NAME = AccentColor;
				CODE_SIGN_STYLE = Automatic;
				CURRENT_PROJECT_VERSION = 1;
				DEVELOPMENT_TEAM = KZZ8J8W7TJ;
				GENERATE_INFOPLIST_FILE = YES;
				INFOPLIST_FILE = TwitterClone/Info.plist;
				INFOPLIST_KEY_UIApplicationSupportsIndirectInputEvents = YES;
				INFOPLIST_KEY_UILaunchStoryboardName = LaunchScreen;
				INFOPLIST_KEY_UISupportedInterfaceOrientations_iPad = "UIInterfaceOrientationPortrait UIInterfaceOrientationPortraitUpsideDown UIInterfaceOrientationLandscapeLeft UIInterfaceOrientationLandscapeRight";
				INFOPLIST_KEY_UISupportedInterfaceOrientations_iPhone = "UIInterfaceOrientationPortrait UIInterfaceOrientationLandscapeLeft UIInterfaceOrientationLandscapeRight";
				LD_RUNPATH_SEARCH_PATHS = (
					"$(inherited)",
					"@executable_path/Frameworks",
				);
				MARKETING_VERSION = 1.0;
				PRODUCT_BUNDLE_IDENTIFIER = com.tammana.TwitterClone;
				PRODUCT_NAME = "$(TARGET_NAME)";
				SWIFT_EMIT_LOC_STRINGS = YES;
				SWIFT_VERSION = 5.0;
				TARGETED_DEVICE_FAMILY = "1,2";
			};
			name = Release;
		};
/* End XCBuildConfiguration section */

/* Begin XCConfigurationList section */
		18EB6F422B18747E00402639 /* Build configuration list for PBXProject "TwitterClone" */ = {
			isa = XCConfigurationList;
			buildConfigurations = (
				18EB6F592B18748100402639 /* Debug */,
				18EB6F5A2B18748100402639 /* Release */,
			);
			defaultConfigurationIsVisible = 0;
			defaultConfigurationName = Release;
		};
		18EB6F5B2B18748100402639 /* Build configuration list for PBXNativeTarget "TwitterClone" */ = {
			isa = XCConfigurationList;
			buildConfigurations = (
				18EB6F5C2B18748100402639 /* Debug */,
				18EB6F5D2B18748100402639 /* Release */,
			);
			defaultConfigurationIsVisible = 0;
			defaultConfigurationName = Release;
		};
/* End XCConfigurationList section */

/* Begin XCRemoteSwiftPackageReference section */
		18EB6F722B203A9A00402639 /* XCRemoteSwiftPackageReference "firebase-ios-sdk" */ = {
			isa = XCRemoteSwiftPackageReference;
			repositoryURL = "https://github.com/firebase/firebase-ios-sdk";
			requirement = {
				kind = upToNextMinorVersion;
				minimumVersion = 9.6.0;
			};
		};
/* End XCRemoteSwiftPackageReference section */

/* Begin XCSwiftPackageProductDependency section */
		18EB6F732B203A9A00402639 /* FirebaseAuth */ = {
			isa = XCSwiftPackageProductDependency;
			package = 18EB6F722B203A9A00402639 /* XCRemoteSwiftPackageReference "firebase-ios-sdk" */;
			productName = FirebaseAuth;
		};
		18EB6F752B203A9A00402639 /* FirebaseAuthCombine-Community */ = {
			isa = XCSwiftPackageProductDependency;
			package = 18EB6F722B203A9A00402639 /* XCRemoteSwiftPackageReference "firebase-ios-sdk" */;
			productName = "FirebaseAuthCombine-Community";
		};
		18EB6F772B203A9A00402639 /* FirebaseDatabase */ = {
			isa = XCSwiftPackageProductDependency;
			package = 18EB6F722B203A9A00402639 /* XCRemoteSwiftPackageReference "firebase-ios-sdk" */;
			productName = FirebaseDatabase;
		};
		18EB6F792B203A9A00402639 /* FirebaseDatabaseSwift */ = {
			isa = XCSwiftPackageProductDependency;
			package = 18EB6F722B203A9A00402639 /* XCRemoteSwiftPackageReference "firebase-ios-sdk" */;
			productName = FirebaseDatabaseSwift;
		};
		18EB6F7B2B203A9A00402639 /* FirebaseFirestore */ = {
			isa = XCSwiftPackageProductDependency;
			package = 18EB6F722B203A9A00402639 /* XCRemoteSwiftPackageReference "firebase-ios-sdk" */;
			productName = FirebaseFirestore;
		};
		18EB6F7D2B203A9A00402639 /* FirebaseFirestoreCombine-Community */ = {
			isa = XCSwiftPackageProductDependency;
			package = 18EB6F722B203A9A00402639 /* XCRemoteSwiftPackageReference "firebase-ios-sdk" */;
			productName = "FirebaseFirestoreCombine-Community";
		};
		18EB6F7F2B203A9A00402639 /* FirebaseFirestoreSwift */ = {
			isa = XCSwiftPackageProductDependency;
			package = 18EB6F722B203A9A00402639 /* XCRemoteSwiftPackageReference "firebase-ios-sdk" */;
			productName = FirebaseFirestoreSwift;
		};
		18EB6F812B203A9A00402639 /* FirebaseStorage */ = {
			isa = XCSwiftPackageProductDependency;
			package = 18EB6F722B203A9A00402639 /* XCRemoteSwiftPackageReference "firebase-ios-sdk" */;
			productName = FirebaseStorage;
		};
		18EB6F832B203A9A00402639 /* FirebaseStorageCombine-Community */ = {
			isa = XCSwiftPackageProductDependency;
			package = 18EB6F722B203A9A00402639 /* XCRemoteSwiftPackageReference "firebase-ios-sdk" */;
			productName = "FirebaseStorageCombine-Community";
		};
/* End XCSwiftPackageProductDependency section */
	};
	rootObject = 18EB6F3F2B18747E00402639 /* Project object */;
}
